
Microsoft Visual Studio Solution File, Format Version 12.00
# Visual Studio Version 16
VisualStudioVersion = 16.0.30621.155
MinimumVisualStudioVersion = 10.0.40219.1
Project("{9A19103F-16F7-4668-BE54-9A1E7A4F7556}") = "SLW-App", "SLW-App\SLW-App.csproj", "{4E15C516-D77C-4EDD-A85E-1A8C5653D10B}"
EndProject
Project("{9A19103F-16F7-4668-BE54-9A1E7A4F7556}") = "MVC-WebApp", "MVC-WebApp\MVC-WebApp.csproj", "{354AE5E1-153E-48A9-9305-E52F328B19BE}"
EndProject
Global
	GlobalSection(SolutionConfigurationPlatforms) = preSolution
		Debug|Any CPU = Debug|Any CPU
		Release|Any CPU = Release|Any CPU
	EndGlobalSection
	GlobalSection(ProjectConfigurationPlatforms) = postSolution
		{4E15C516-D77C-4EDD-A85E-1A8C5653D10B}.Debug|Any CPU.ActiveCfg = Debug|Any CPU
		{4E15C516-D77C-4EDD-A85E-1A8C5653D10B}.Debug|Any CPU.Build.0 = Debug|Any CPU
		{4E15C516-D77C-4EDD-A85E-1A8C5653D10B}.Release|Any CPU.ActiveCfg = Release|Any CPU
		{4E15C516-D77C-4EDD-A85E-1A8C5653D10B}.Release|Any CPU.Build.0 = Release|Any CPU
		{354AE5E1-153E-48A9-9305-E52F328B19BE}.Debug|Any CPU.ActiveCfg = Debug|Any CPU
		{354AE5E1-153E-48A9-9305-E52F328B19BE}.Debug|Any CPU.Build.0 = Debug|Any CPU
		{354AE5E1-153E-48A9-9305-E52F328B19BE}.Release|Any CPU.ActiveCfg = Release|Any CPU
		{354AE5E1-153E-48A9-9305-E52F328B19BE}.Release|Any CPU.Build.0 = Release|Any CPU
	EndGlobalSection
	GlobalSection(SolutionProperties) = preSolution
		HideSolutionNode = FALSE
	EndGlobalSection
	GlobalSection(ExtensibilityGlobals) = postSolution
		SolutionGuid = {98E65306-0B56-4C32-A2D0-7AADDFD63533}
	EndGlobalSection
EndGlobal
